// !$*UTF8*$!
{
	archiveVersion = 1;
	classes = {
	};
	objectVersion = 77;
	objects = {

/* Begin PBXBuildFile section */
		82364FA02DA5504D00FBDE01 /* GemFile in Resources */ = {isa = PBXBuildFile; fileRef = 82364F9F2DA5504A00FBDE01 /* GemFile */; };
		82364FA22DA550FA00FBDE01 /* .arkana.yml in Resources */ = {isa = PBXBuildFile; fileRef = 82364FA12DA550F600FBDE01 /* .arkana.yml */; };
		82364FA42DA5511F00FBDE01 /* .env in Resources */ = {isa = PBXBuildFile; fileRef = 82364FA32DA5511E00FBDE01 /* .env */; };
		82364FA82DA5561100FBDE01 /* ArkanaKeys in Frameworks */ = {isa = PBXBuildFile; productRef = 82364FA72DA5561100FBDE01 /* ArkanaKeys */; };
/* End PBXBuildFile section */

/* Begin PBXContainerItemProxy section */
		23F826F72D3EE86B00367E14 /* PBXContainerItemProxy */ = {
			isa = PBXContainerItemProxy;
			containerPortal = 23F826DE2D3EE86A00367E14 /* Project object */;
			proxyType = 1;
			remoteGlobalIDString = 23F826E52D3EE86A00367E14;
			remoteInfo = "fridge-app";
		};
		23F827012D3EE86B00367E14 /* PBXContainerItemProxy */ = {
			isa = PBXContainerItemProxy;
			containerPortal = 23F826DE2D3EE86A00367E14 /* Project object */;
			proxyType = 1;
			remoteGlobalIDString = 23F826E52D3EE86A00367E14;
			remoteInfo = "fridge-app";
		};
/* End PBXContainerItemProxy section */

/* Begin PBXFileReference section */
		23F826E62D3EE86A00367E14 /* fridge-app.app */ = {isa = PBXFileReference; explicitFileType = wrapper.application; includeInIndex = 0; path = "fridge-app.app"; sourceTree = BUILT_PRODUCTS_DIR; };
		23F826F62D3EE86B00367E14 /* fridge-appTests.xctest */ = {isa = PBXFileReference; explicitFileType = wrapper.cfbundle; includeInIndex = 0; path = "fridge-appTests.xctest"; sourceTree = BUILT_PRODUCTS_DIR; };
		23F827002D3EE86B00367E14 /* fridge-appUITests.xctest */ = {isa = PBXFileReference; explicitFileType = wrapper.cfbundle; includeInIndex = 0; path = "fridge-appUITests.xctest"; sourceTree = BUILT_PRODUCTS_DIR; };
		82364F9F2DA5504A00FBDE01 /* GemFile */ = {isa = PBXFileReference; lastKnownFileType = text; path = GemFile; sourceTree = "<group>"; };
		82364FA12DA550F600FBDE01 /* .arkana.yml */ = {isa = PBXFileReference; lastKnownFileType = text.yaml; path = .arkana.yml; sourceTree = "<group>"; };
		82364FA32DA5511E00FBDE01 /* .env */ = {isa = PBXFileReference; lastKnownFileType = text; path = .env; sourceTree = "<group>"; };
/* End PBXFileReference section */

/* Begin PBXFileSystemSynchronizedBuildFileExceptionSet section */
		82364F982DA5465000FBDE01 /* Exceptions for "fridge-app" folder in "fridge-app" target */ = {
			isa = PBXFileSystemSynchronizedBuildFileExceptionSet;
			membershipExceptions = (
				Info.plist,
			);
			target = 23F826E52D3EE86A00367E14 /* fridge-app */;
		};
/* End PBXFileSystemSynchronizedBuildFileExceptionSet section */

/* Begin PBXFileSystemSynchronizedRootGroup section */
		23F826E82D3EE86A00367E14 /* fridge-app */ = {
			isa = PBXFileSystemSynchronizedRootGroup;
			exceptions = (
				82364F982DA5465000FBDE01 /* Exceptions for "fridge-app" folder in "fridge-app" target */,
			);
			path = "fridge-app";
			sourceTree = "<group>";
		};
		23F826F92D3EE86B00367E14 /* fridge-appTests */ = {
			isa = PBXFileSystemSynchronizedRootGroup;
			path = "fridge-appTests";
			sourceTree = "<group>";
		};
		23F827032D3EE86B00367E14 /* fridge-appUITests */ = {
			isa = PBXFileSystemSynchronizedRootGroup;
			path = "fridge-appUITests";
			sourceTree = "<group>";
		};
/* End PBXFileSystemSynchronizedRootGroup section */

/* Begin PBXFrameworksBuildPhase section */
		23F826E32D3EE86A00367E14 /* Frameworks */ = {
			isa = PBXFrameworksBuildPhase;
			buildActionMask = 2147483647;
			files = (
				82364FA82DA5561100FBDE01 /* ArkanaKeys in Frameworks */,
			);
			runOnlyForDeploymentPostprocessing = 0;
		};
		23F826F32D3EE86B00367E14 /* Frameworks */ = {
			isa = PBXFrameworksBuildPhase;
			buildActionMask = 2147483647;
			files = (
			);
			runOnlyForDeploymentPostprocessing = 0;
		};
		23F826FD2D3EE86B00367E14 /* Frameworks */ = {
			isa = PBXFrameworksBuildPhase;
			buildActionMask = 2147483647;
			files = (
			);
			runOnlyForDeploymentPostprocessing = 0;
		};
/* End PBXFrameworksBuildPhase section */

/* Begin PBXGroup section */
		23F826DD2D3EE86A00367E14 = {
			isa = PBXGroup;
			children = (
				82364FA32DA5511E00FBDE01 /* .env */,
				82364FA12DA550F600FBDE01 /* .arkana.yml */,
				23F826E82D3EE86A00367E14 /* fridge-app */,
				23F826F92D3EE86B00367E14 /* fridge-appTests */,
				23F827032D3EE86B00367E14 /* fridge-appUITests */,
				23F826E72D3EE86A00367E14 /* Products */,
				82364F9F2DA5504A00FBDE01 /* GemFile */,
				82364FA62DA5561100FBDE01 /* Frameworks */,
			);
			sourceTree = "<group>";
		};
		23F826E72D3EE86A00367E14 /* Products */ = {
			isa = PBXGroup;
			children = (
				23F826E62D3EE86A00367E14 /* fridge-app.app */,
				23F826F62D3EE86B00367E14 /* fridge-appTests.xctest */,
				23F827002D3EE86B00367E14 /* fridge-appUITests.xctest */,
			);
			name = Products;
			sourceTree = "<group>";
		};
		82364FA62DA5561100FBDE01 /* Frameworks */ = {
			isa = PBXGroup;
			children = (
			);
			name = Frameworks;
			sourceTree = "<group>";
		};
/* End PBXGroup section */

/* Begin PBXNativeTarget section */
		23F826E52D3EE86A00367E14 /* fridge-app */ = {
			isa = PBXNativeTarget;
			buildConfigurationList = 23F8270A2D3EE86B00367E14 /* Build configuration list for PBXNativeTarget "fridge-app" */;
			buildPhases = (
				23F826E22D3EE86A00367E14 /* Sources */,
				23F826E32D3EE86A00367E14 /* Frameworks */,
				23F826E42D3EE86A00367E14 /* Resources */,
			);
			buildRules = (
			);
			dependencies = (
			);
			fileSystemSynchronizedGroups = (
				23F826E82D3EE86A00367E14 /* fridge-app */,
			);
			name = "fridge-app";
			packageProductDependencies = (
				82364FA72DA5561100FBDE01 /* ArkanaKeys */,
			);
			productName = "fridge-app";
			productReference = 23F826E62D3EE86A00367E14 /* fridge-app.app */;
			productType = "com.apple.product-type.application";
		};
		23F826F52D3EE86B00367E14 /* fridge-appTests */ = {
			isa = PBXNativeTarget;
			buildConfigurationList = 23F8270D2D3EE86B00367E14 /* Build configuration list for PBXNativeTarget "fridge-appTests" */;
			buildPhases = (
				23F826F22D3EE86B00367E14 /* Sources */,
				23F826F32D3EE86B00367E14 /* Frameworks */,
				23F826F42D3EE86B00367E14 /* Resources */,
			);
			buildRules = (
			);
			dependencies = (
				23F826F82D3EE86B00367E14 /* PBXTargetDependency */,
			);
			fileSystemSynchronizedGroups = (
				23F826F92D3EE86B00367E14 /* fridge-appTests */,
			);
			name = "fridge-appTests";
			packageProductDependencies = (
			);
			productName = "fridge-appTests";
			productReference = 23F826F62D3EE86B00367E14 /* fridge-appTests.xctest */;
			productType = "com.apple.product-type.bundle.unit-test";
		};
		23F826FF2D3EE86B00367E14 /* fridge-appUITests */ = {
			isa = PBXNativeTarget;
			buildConfigurationList = 23F827102D3EE86B00367E14 /* Build configuration list for PBXNativeTarget "fridge-appUITests" */;
			buildPhases = (
				23F826FC2D3EE86B00367E14 /* Sources */,
				23F826FD2D3EE86B00367E14 /* Frameworks */,
				23F826FE2D3EE86B00367E14 /* Resources */,
			);
			buildRules = (
			);
			dependencies = (
				23F827022D3EE86B00367E14 /* PBXTargetDependency */,
			);
			fileSystemSynchronizedGroups = (
				23F827032D3EE86B00367E14 /* fridge-appUITests */,
			);
			name = "fridge-appUITests";
			packageProductDependencies = (
			);
			productName = "fridge-appUITests";
			productReference = 23F827002D3EE86B00367E14 /* fridge-appUITests.xctest */;
			productType = "com.apple.product-type.bundle.ui-testing";
		};
/* End PBXNativeTarget section */

/* Begin PBXProject section */
		23F826DE2D3EE86A00367E14 /* Project object */ = {
			isa = PBXProject;
			attributes = {
				BuildIndependentTargetsInParallel = 1;
				LastSwiftUpdateCheck = 1620;
				LastUpgradeCheck = 1620;
				TargetAttributes = {
					23F826E52D3EE86A00367E14 = {
						CreatedOnToolsVersion = 16.2;
					};
					23F826F52D3EE86B00367E14 = {
						CreatedOnToolsVersion = 16.2;
						TestTargetID = 23F826E52D3EE86A00367E14;
					};
					23F826FF2D3EE86B00367E14 = {
						CreatedOnToolsVersion = 16.2;
						TestTargetID = 23F826E52D3EE86A00367E14;
					};
				};
			};
			buildConfigurationList = 23F826E12D3EE86A00367E14 /* Build configuration list for PBXProject "fridge-app" */;
			developmentRegion = en;
			hasScannedForEncodings = 0;
			knownRegions = (
				en,
				Base,
			);
			mainGroup = 23F826DD2D3EE86A00367E14;
			minimizedProjectReferenceProxies = 1;
			packageReferences = (
				82364FA52DA552E500FBDE01 /* XCLocalSwiftPackageReference "ArkanaKeys/ArkanaKeys" */,
			);
			preferredProjectObjectVersion = 77;
			productRefGroup = 23F826E72D3EE86A00367E14 /* Products */;
			projectDirPath = "";
			projectRoot = "";
			targets = (
				23F826E52D3EE86A00367E14 /* fridge-app */,
				23F826F52D3EE86B00367E14 /* fridge-appTests */,
				23F826FF2D3EE86B00367E14 /* fridge-appUITests */,
			);
		};
/* End PBXProject section */

/* Begin PBXResourcesBuildPhase section */
		23F826E42D3EE86A00367E14 /* Resources */ = {
			isa = PBXResourcesBuildPhase;
			buildActionMask = 2147483647;
			files = (
				82364FA42DA5511F00FBDE01 /* .env in Resources */,
				82364FA02DA5504D00FBDE01 /* GemFile in Resources */,
				82364FA22DA550FA00FBDE01 /* .arkana.yml in Resources */,
			);
			runOnlyForDeploymentPostprocessing = 0;
		};
		23F826F42D3EE86B00367E14 /* Resources */ = {
			isa = PBXResourcesBuildPhase;
			buildActionMask = 2147483647;
			files = (
			);
			runOnlyForDeploymentPostprocessing = 0;
		};
		23F826FE2D3EE86B00367E14 /* Resources */ = {
			isa = PBXResourcesBuildPhase;
			buildActionMask = 2147483647;
			files = (
			);
			runOnlyForDeploymentPostprocessing = 0;
		};
/* End PBXResourcesBuildPhase section */

/* Begin PBXSourcesBuildPhase section */
		23F826E22D3EE86A00367E14 /* Sources */ = {
			isa = PBXSourcesBuildPhase;
			buildActionMask = 2147483647;
			files = (
			);
			runOnlyForDeploymentPostprocessing = 0;
		};
		23F826F22D3EE86B00367E14 /* Sources */ = {
			isa = PBXSourcesBuildPhase;
			buildActionMask = 2147483647;
			files = (
			);
			runOnlyForDeploymentPostprocessing = 0;
		};
		23F826FC2D3EE86B00367E14 /* Sources */ = {
			isa = PBXSourcesBuildPhase;
			buildActionMask = 2147483647;
			files = (
			);
			runOnlyForDeploymentPostprocessing = 0;
		};
/* End PBXSourcesBuildPhase section */

/* Begin PBXTargetDependency section */
		23F826F82D3EE86B00367E14 /* PBXTargetDependency */ = {
			isa = PBXTargetDependency;
			target = 23F826E52D3EE86A00367E14 /* fridge-app */;
			targetProxy = 23F826F72D3EE86B00367E14 /* PBXContainerItemProxy */;
		};
		23F827022D3EE86B00367E14 /* PBXTargetDependency */ = {
			isa = PBXTargetDependency;
			target = 23F826E52D3EE86A00367E14 /* fridge-app */;
			targetProxy = 23F827012D3EE86B00367E14 /* PBXContainerItemProxy */;
		};
/* End PBXTargetDependency section */

/* Begin XCBuildConfiguration section */
		23F827082D3EE86B00367E14 /* Debug */ = {
			isa = XCBuildConfiguration;
			buildSettings = {
				ALWAYS_SEARCH_USER_PATHS = NO;
				ASSETCATALOG_COMPILER_GENERATE_SWIFT_ASSET_SYMBOL_EXTENSIONS = YES;
				CLANG_ANALYZER_NONNULL = YES;
				CLANG_ANALYZER_NUMBER_OBJECT_CONVERSION = YES_AGGRESSIVE;
				CLANG_CXX_LANGUAGE_STANDARD = "gnu++20";
				CLANG_ENABLE_MODULES = YES;
				CLANG_ENABLE_OBJC_ARC = YES;
				CLANG_ENABLE_OBJC_WEAK = YES;
				CLANG_WARN_BLOCK_CAPTURE_AUTORELEASING = YES;
				CLANG_WARN_BOOL_CONVERSION = YES;
				CLANG_WARN_COMMA = YES;
				CLANG_WARN_CONSTANT_CONVERSION = YES;
				CLANG_WARN_DEPRECATED_OBJC_IMPLEMENTATIONS = YES;
				CLANG_WARN_DIRECT_OBJC_ISA_USAGE = YES_ERROR;
				CLANG_WARN_DOCUMENTATION_COMMENTS = YES;
				CLANG_WARN_EMPTY_BODY = YES;
				CLANG_WARN_ENUM_CONVERSION = YES;
				CLANG_WARN_INFINITE_RECURSION = YES;
				CLANG_WARN_INT_CONVERSION = YES;
				CLANG_WARN_NON_LITERAL_NULL_CONVERSION = YES;
				CLANG_WARN_OBJC_IMPLICIT_RETAIN_SELF = YES;
				CLANG_WARN_OBJC_LITERAL_CONVERSION = YES;
				CLANG_WARN_OBJC_ROOT_CLASS = YES_ERROR;
				CLANG_WARN_QUOTED_INCLUDE_IN_FRAMEWORK_HEADER = YES;
				CLANG_WARN_RANGE_LOOP_ANALYSIS = YES;
				CLANG_WARN_STRICT_PROTOTYPES = YES;
				CLANG_WARN_SUSPICIOUS_MOVE = YES;
				CLANG_WARN_UNGUARDED_AVAILABILITY = YES_AGGRESSIVE;
				CLANG_WARN_UNREACHABLE_CODE = YES;
				CLANG_WARN__DUPLICATE_METHOD_MATCH = YES;
				COPY_PHASE_STRIP = NO;
				DEBUG_INFORMATION_FORMAT = dwarf;
				ENABLE_STRICT_OBJC_MSGSEND = YES;
				ENABLE_TESTABILITY = YES;
				ENABLE_USER_SCRIPT_SANDBOXING = YES;
				GCC_C_LANGUAGE_STANDARD = gnu17;
				GCC_DYNAMIC_NO_PIC = NO;
				GCC_NO_COMMON_BLOCKS = YES;
				GCC_OPTIMIZATION_LEVEL = 0;
				GCC_PREPROCESSOR_DEFINITIONS = (
					"DEBUG=1",
					"$(inherited)",
				);
				GCC_WARN_64_TO_32_BIT_CONVERSION = YES;
				GCC_WARN_ABOUT_RETURN_TYPE = YES_ERROR;
				GCC_WARN_UNDECLARED_SELECTOR = YES;
				GCC_WARN_UNINITIALIZED_AUTOS = YES_AGGRESSIVE;
				GCC_WARN_UNUSED_FUNCTION = YES;
				GCC_WARN_UNUSED_VARIABLE = YES;
				IPHONEOS_DEPLOYMENT_TARGET = 18.2;
				LOCALIZATION_PREFERS_STRING_CATALOGS = YES;
				MTL_ENABLE_DEBUG_INFO = INCLUDE_SOURCE;
				MTL_FAST_MATH = YES;
				ONLY_ACTIVE_ARCH = YES;
				SDKROOT = iphoneos;
				SWIFT_ACTIVE_COMPILATION_CONDITIONS = "DEBUG $(inherited)";
				SWIFT_OPTIMIZATION_LEVEL = "-Onone";
			};
			name = Debug;
		};
		23F827092D3EE86B00367E14 /* Release */ = {
			isa = XCBuildConfiguration;
			buildSettings = {
				ALWAYS_SEARCH_USER_PATHS = NO;
				ASSETCATALOG_COMPILER_GENERATE_SWIFT_ASSET_SYMBOL_EXTENSIONS = YES;
				CLANG_ANALYZER_NONNULL = YES;
				CLANG_ANALYZER_NUMBER_OBJECT_CONVERSION = YES_AGGRESSIVE;
				CLANG_CXX_LANGUAGE_STANDARD = "gnu++20";
				CLANG_ENABLE_MODULES = YES;
				CLANG_ENABLE_OBJC_ARC = YES;
				CLANG_ENABLE_OBJC_WEAK = YES;
				CLANG_WARN_BLOCK_CAPTURE_AUTORELEASING = YES;
				CLANG_WARN_BOOL_CONVERSION = YES;
				CLANG_WARN_COMMA = YES;
				CLANG_WARN_CONSTANT_CONVERSION = YES;
				CLANG_WARN_DEPRECATED_OBJC_IMPLEMENTATIONS = YES;
				CLANG_WARN_DIRECT_OBJC_ISA_USAGE = YES_ERROR;
				CLANG_WARN_DOCUMENTATION_COMMENTS = YES;
				CLANG_WARN_EMPTY_BODY = YES;
				CLANG_WARN_ENUM_CONVERSION = YES;
				CLANG_WARN_INFINITE_RECURSION = YES;
				CLANG_WARN_INT_CONVERSION = YES;
				CLANG_WARN_NON_LITERAL_NULL_CONVERSION = YES;
				CLANG_WARN_OBJC_IMPLICIT_RETAIN_SELF = YES;
				CLANG_WARN_OBJC_LITERAL_CONVERSION = YES;
				CLANG_WARN_OBJC_ROOT_CLASS = YES_ERROR;
				CLANG_WARN_QUOTED_INCLUDE_IN_FRAMEWORK_HEADER = YES;
				CLANG_WARN_RANGE_LOOP_ANALYSIS = YES;
				CLANG_WARN_STRICT_PROTOTYPES = YES;
				CLANG_WARN_SUSPICIOUS_MOVE = YES;
				CLANG_WARN_UNGUARDED_AVAILABILITY = YES_AGGRESSIVE;
				CLANG_WARN_UNREACHABLE_CODE = YES;
				CLANG_WARN__DUPLICATE_METHOD_MATCH = YES;
				COPY_PHASE_STRIP = NO;
				DEBUG_INFORMATION_FORMAT = "dwarf-with-dsym";
				ENABLE_NS_ASSERTIONS = NO;
				ENABLE_STRICT_OBJC_MSGSEND = YES;
				ENABLE_USER_SCRIPT_SANDBOXING = YES;
				GCC_C_LANGUAGE_STANDARD = gnu17;
				GCC_NO_COMMON_BLOCKS = YES;
				GCC_WARN_64_TO_32_BIT_CONVERSION = YES;
				GCC_WARN_ABOUT_RETURN_TYPE = YES_ERROR;
				GCC_WARN_UNDECLARED_SELECTOR = YES;
				GCC_WARN_UNINITIALIZED_AUTOS = YES_AGGRESSIVE;
				GCC_WARN_UNUSED_FUNCTION = YES;
				GCC_WARN_UNUSED_VARIABLE = YES;
				IPHONEOS_DEPLOYMENT_TARGET = 18.2;
				LOCALIZATION_PREFERS_STRING_CATALOGS = YES;
				MTL_ENABLE_DEBUG_INFO = NO;
				MTL_FAST_MATH = YES;
				SDKROOT = iphoneos;
				SWIFT_COMPILATION_MODE = wholemodule;
				VALIDATE_PRODUCT = YES;
			};
			name = Release;
		};
		23F8270B2D3EE86B00367E14 /* Debug */ = {
			isa = XCBuildConfiguration;
			buildSettings = {
				ASSETCATALOG_COMPILER_APPICON_NAME = AppIcon;
				ASSETCATALOG_COMPILER_GLOBAL_ACCENT_COLOR_NAME = AccentColor;
				CODE_SIGN_STYLE = Automatic;
				CURRENT_PROJECT_VERSION = 1;
				DEVELOPMENT_ASSET_PATHS = "\"fridge-app/Preview Content\"";
				DEVELOPMENT_TEAM = T38XQSM4L3;
				ENABLE_PREVIEWS = YES;
				GENERATE_INFOPLIST_FILE = YES;
				INFOPLIST_FILE = "fridge-app/Info.plist";
				INFOPLIST_KEY_UIApplicationSceneManifest_Generation = YES;
				INFOPLIST_KEY_UIApplicationSupportsIndirectInputEvents = YES;
				INFOPLIST_KEY_UILaunchScreen_Generation = YES;
				INFOPLIST_KEY_UISupportedInterfaceOrientations_iPad = "UIInterfaceOrientationPortrait UIInterfaceOrientationPortraitUpsideDown UIInterfaceOrientationLandscapeLeft UIInterfaceOrientationLandscapeRight";
				INFOPLIST_KEY_UISupportedInterfaceOrientations_iPhone = "UIInterfaceOrientationPortrait UIInterfaceOrientationLandscapeLeft UIInterfaceOrientationLandscapeRight";
				LD_RUNPATH_SEARCH_PATHS = (
					"$(inherited)",
					"@executable_path/Frameworks",
				);
				MARKETING_VERSION = 1.0;
				PRODUCT_BUNDLE_IDENTIFIER = "bk.whatsinmyfridge-app";
				PRODUCT_NAME = "$(TARGET_NAME)";
				SWIFT_EMIT_LOC_STRINGS = YES;
				SWIFT_VERSION = 5.0;
				TARGETED_DEVICE_FAMILY = "1,2";
			};
			name = Debug;
		};
		23F8270C2D3EE86B00367E14 /* Release */ = {
			isa = XCBuildConfiguration;
			buildSettings = {
				ASSETCATALOG_COMPILER_APPICON_NAME = AppIcon;
				ASSETCATALOG_COMPILER_GLOBAL_ACCENT_COLOR_NAME = AccentColor;
				CODE_SIGN_STYLE = Automatic;
				CURRENT_PROJECT_VERSION = 1;
				DEVELOPMENT_ASSET_PATHS = "\"fridge-app/Preview Content\"";
				DEVELOPMENT_TEAM = T38XQSM4L3;
				ENABLE_PREVIEWS = YES;
				GENERATE_INFOPLIST_FILE = YES;
				INFOPLIST_FILE = "fridge-app/Info.plist";
				INFOPLIST_KEY_UIApplicationSceneManifest_Generation = YES;
				INFOPLIST_KEY_UIApplicationSupportsIndirectInputEvents = YES;
				INFOPLIST_KEY_UILaunchScreen_Generation = YES;
				INFOPLIST_KEY_UISupportedInterfaceOrientations_iPad = "UIInterfaceOrientationPortrait UIInterfaceOrientationPortraitUpsideDown UIInterfaceOrientationLandscapeLeft UIInterfaceOrientationLandscapeRight";
				INFOPLIST_KEY_UISupportedInterfaceOrientations_iPhone = "UIInterfaceOrientationPortrait UIInterfaceOrientationLandscapeLeft UIInterfaceOrientationLandscapeRight";
				LD_RUNPATH_SEARCH_PATHS = (
					"$(inherited)",
					"@executable_path/Frameworks",
				);
				MARKETING_VERSION = 1.0;
				PRODUCT_BUNDLE_IDENTIFIER = "bk.whatsinmyfridge-app";
				PRODUCT_NAME = "$(TARGET_NAME)";
				SWIFT_EMIT_LOC_STRINGS = YES;
				SWIFT_VERSION = 5.0;
				TARGETED_DEVICE_FAMILY = "1,2";
			};
			name = Release;
		};
		23F8270E2D3EE86B00367E14 /* Debug */ = {
			isa = XCBuildConfiguration;
			buildSettings = {
				BUNDLE_LOADER = "$(TEST_HOST)";
				CODE_SIGN_STYLE = Automatic;
				CURRENT_PROJECT_VERSION = 1;
				DEVELOPMENT_TEAM = 843M38VQAD;
				GENERATE_INFOPLIST_FILE = YES;
				IPHONEOS_DEPLOYMENT_TARGET = 18.2;
				MARKETING_VERSION = 1.0;
				PRODUCT_BUNDLE_IDENTIFIER = "bk.fridge-appTests";
				PRODUCT_NAME = "$(TARGET_NAME)";
				SWIFT_EMIT_LOC_STRINGS = NO;
				SWIFT_VERSION = 5.0;
				TARGETED_DEVICE_FAMILY = "1,2";
				TEST_HOST = "$(BUILT_PRODUCTS_DIR)/fridge-app.app/$(BUNDLE_EXECUTABLE_FOLDER_PATH)/fridge-app";
			};
			name = Debug;
		};
		23F8270F2D3EE86B00367E14 /* Release */ = {
			isa = XCBuildConfiguration;
			buildSettings = {
				BUNDLE_LOADER = "$(TEST_HOST)";
				CODE_SIGN_STYLE = Automatic;
				CURRENT_PROJECT_VERSION = 1;
				DEVELOPMENT_TEAM = 843M38VQAD;
				GENERATE_INFOPLIST_FILE = YES;
				IPHONEOS_DEPLOYMENT_TARGET = 18.2;
				MARKETING_VERSION = 1.0;
				PRODUCT_BUNDLE_IDENTIFIER = "bk.fridge-appTests";
				PRODUCT_NAME = "$(TARGET_NAME)";
				SWIFT_EMIT_LOC_STRINGS = NO;
				SWIFT_VERSION = 5.0;
				TARGETED_DEVICE_FAMILY = "1,2";
				TEST_HOST = "$(BUILT_PRODUCTS_DIR)/fridge-app.app/$(BUNDLE_EXECUTABLE_FOLDER_PATH)/fridge-app";
			};
			name = Release;
		};
		23F827112D3EE86B00367E14 /* Debug */ = {
			isa = XCBuildConfiguration;
			buildSettings = {
				CODE_SIGN_STYLE = Automatic;
				CURRENT_PROJECT_VERSION = 1;
				DEVELOPMENT_TEAM = 843M38VQAD;
				GENERATE_INFOPLIST_FILE = YES;
				MARKETING_VERSION = 1.0;
				PRODUCT_BUNDLE_IDENTIFIER = "bk.fridge-appUITests";
				PRODUCT_NAME = "$(TARGET_NAME)";
				SWIFT_EMIT_LOC_STRINGS = NO;
				SWIFT_VERSION = 5.0;
				TARGETED_DEVICE_FAMILY = "1,2";
				TEST_TARGET_NAME = "fridge-app";
			};
			name = Debug;
		};
		23F827122D3EE86B00367E14 /* Release */ = {
			isa = XCBuildConfiguration;
			buildSettings = {
				CODE_SIGN_STYLE = Automatic;
				CURRENT_PROJECT_VERSION = 1;
				DEVELOPMENT_TEAM = 843M38VQAD;
				GENERATE_INFOPLIST_FILE = YES;
				MARKETING_VERSION = 1.0;
				PRODUCT_BUNDLE_IDENTIFIER = "bk.fridge-appUITests";
				PRODUCT_NAME = "$(TARGET_NAME)";
				SWIFT_EMIT_LOC_STRINGS = NO;
				SWIFT_VERSION = 5.0;
				TARGETED_DEVICE_FAMILY = "1,2";
				TEST_TARGET_NAME = "fridge-app";
			};
			name = Release;
		};
/* End XCBuildConfiguration section */

/* Begin XCConfigurationList section */
		23F826E12D3EE86A00367E14 /* Build configuration list for PBXProject "fridge-app" */ = {
			isa = XCConfigurationList;
			buildConfigurations = (
				23F827082D3EE86B00367E14 /* Debug */,
				23F827092D3EE86B00367E14 /* Release */,
			);
			defaultConfigurationIsVisible = 0;
			defaultConfigurationName = Release;
		};
		23F8270A2D3EE86B00367E14 /* Build configuration list for PBXNativeTarget "fridge-app" */ = {
			isa = XCConfigurationList;
			buildConfigurations = (
				23F8270B2D3EE86B00367E14 /* Debug */,
				23F8270C2D3EE86B00367E14 /* Release */,
			);
			defaultConfigurationIsVisible = 0;
			defaultConfigurationName = Release;
		};
		23F8270D2D3EE86B00367E14 /* Build configuration list for PBXNativeTarget "fridge-appTests" */ = {
			isa = XCConfigurationList;
			buildConfigurations = (
				23F8270E2D3EE86B00367E14 /* Debug */,
				23F8270F2D3EE86B00367E14 /* Release */,
			);
			defaultConfigurationIsVisible = 0;
			defaultConfigurationName = Release;
		};
		23F827102D3EE86B00367E14 /* Build configuration list for PBXNativeTarget "fridge-appUITests" */ = {
			isa = XCConfigurationList;
			buildConfigurations = (
				23F827112D3EE86B00367E14 /* Debug */,
				23F827122D3EE86B00367E14 /* Release */,
			);
			defaultConfigurationIsVisible = 0;
			defaultConfigurationName = Release;
		};
/* End XCConfigurationList section */

/* Begin XCLocalSwiftPackageReference section */
		82364FA52DA552E500FBDE01 /* XCLocalSwiftPackageReference "ArkanaKeys/ArkanaKeys" */ = {
			isa = XCLocalSwiftPackageReference;
			relativePath = ArkanaKeys/ArkanaKeys;
		};
/* End XCLocalSwiftPackageReference section */

/* Begin XCSwiftPackageProductDependency section */
		82364FA72DA5561100FBDE01 /* ArkanaKeys */ = {
			isa = XCSwiftPackageProductDependency;
			package = 82364FA52DA552E500FBDE01 /* XCLocalSwiftPackageReference "ArkanaKeys/ArkanaKeys" */;
			productName = ArkanaKeys;
		};
/* End XCSwiftPackageProductDependency section */
	};
	rootObject = 23F826DE2D3EE86A00367E14 /* Project object */;
}
